// !$*UTF8*$!
{
	archiveVersion = 1;
	classes = {
	};
	objectVersion = 48;
	objects = {

/* Begin PBXBuildFile section */
		5071749A21EC88F3005810B4 /* AppDelegate.m in Sources */ = {isa = PBXBuildFile; fileRef = 5071749921EC88F3005810B4 /* AppDelegate.m */; };
		5071749D21EC88F3005810B4 /* ViewController.m in Sources */ = {isa = PBXBuildFile; fileRef = 5071749C21EC88F3005810B4 /* ViewController.m */; };
		507174A021EC88F3005810B4 /* Main.storyboard in Resources */ = {isa = PBXBuildFile; fileRef = 5071749E21EC88F3005810B4 /* Main.storyboard */; };
		507174A221EC88F3005810B4 /* Assets.xcassets in Resources */ = {isa = PBXBuildFile; fileRef = 507174A121EC88F3005810B4 /* Assets.xcassets */; };
		507174A521EC88F3005810B4 /* LaunchScreen.storyboard in Resources */ = {isa = PBXBuildFile; fileRef = 507174A321EC88F3005810B4 /* LaunchScreen.storyboard */; };
		507174A821EC88F3005810B4 /* main.m in Sources */ = {isa = PBXBuildFile; fileRef = 507174A721EC88F3005810B4 /* main.m */; };
		507174C121ECD724005810B4 /* WHQuery.m in Sources */ = {isa = PBXBuildFile; fileRef = 507174BB21ECD724005810B4 /* WHQuery.m */; };
		507174C221ECD724005810B4 /* WHDBManager.m in Sources */ = {isa = PBXBuildFile; fileRef = 507174BC21ECD724005810B4 /* WHDBManager.m */; };
		507174C321ECD724005810B4 /* WHObject.m in Sources */ = {isa = PBXBuildFile; fileRef = 507174BF21ECD724005810B4 /* WHObject.m */; };
		DC64456A4DD20CF6950223D1 /* libPods-WHDBDemo.a in Frameworks */ = {isa = PBXBuildFile; fileRef = CBDD79B7AD58AE98F14D54C8 /* libPods-WHDBDemo.a */; };
/* End PBXBuildFile section */

/* Begin PBXFileReference section */
		21F74106E7EA7B20CC050044 /* Pods-WHDBDemo.release.xcconfig */ = {isa = PBXFileReference; includeInIndex = 1; lastKnownFileType = text.xcconfig; name = "Pods-WHDBDemo.release.xcconfig"; path = "Pods/Target Support Files/Pods-WHDBDemo/Pods-WHDBDemo.release.xcconfig"; sourceTree = "<group>"; };
		5071749521EC88F3005810B4 /* WHDBDemo.app */ = {isa = PBXFileReference; explicitFileType = wrapper.application; includeInIndex = 0; path = WHDBDemo.app; sourceTree = BUILT_PRODUCTS_DIR; };
		5071749821EC88F3005810B4 /* AppDelegate.h */ = {isa = PBXFileReference; lastKnownFileType = sourcecode.c.h; path = AppDelegate.h; sourceTree = "<group>"; };
		5071749921EC88F3005810B4 /* AppDelegate.m */ = {isa = PBXFileReference; lastKnownFileType = sourcecode.c.objc; path = AppDelegate.m; sourceTree = "<group>"; };
		5071749B21EC88F3005810B4 /* ViewController.h */ = {isa = PBXFileReference; lastKnownFileType = sourcecode.c.h; path = ViewController.h; sourceTree = "<group>"; };
		5071749C21EC88F3005810B4 /* ViewController.m */ = {isa = PBXFileReference; lastKnownFileType = sourcecode.c.objc; path = ViewController.m; sourceTree = "<group>"; };
		5071749F21EC88F3005810B4 /* Base */ = {isa = PBXFileReference; lastKnownFileType = file.storyboard; name = Base; path = Base.lproj/Main.storyboard; sourceTree = "<group>"; };
		507174A121EC88F3005810B4 /* Assets.xcassets */ = {isa = PBXFileReference; lastKnownFileType = folder.assetcatalog; path = Assets.xcassets; sourceTree = "<group>"; };
		507174A421EC88F3005810B4 /* Base */ = {isa = PBXFileReference; lastKnownFileType = file.storyboard; name = Base; path = Base.lproj/LaunchScreen.storyboard; sourceTree = "<group>"; };
		507174A621EC88F3005810B4 /* Info.plist */ = {isa = PBXFileReference; lastKnownFileType = text.plist.xml; path = Info.plist; sourceTree = "<group>"; };
		507174A721EC88F3005810B4 /* main.m */ = {isa = PBXFileReference; lastKnownFileType = sourcecode.c.objc; path = main.m; sourceTree = "<group>"; };
		507174BA21ECD724005810B4 /* WHDB.h */ = {isa = PBXFileReference; fileEncoding = 4; lastKnownFileType = sourcecode.c.h; path = WHDB.h; sourceTree = "<group>"; };
		507174BB21ECD724005810B4 /* WHQuery.m */ = {isa = PBXFileReference; fileEncoding = 4; lastKnownFileType = sourcecode.c.objc; path = WHQuery.m; sourceTree = "<group>"; };
		507174BC21ECD724005810B4 /* WHDBManager.m */ = {isa = PBXFileReference; fileEncoding = 4; lastKnownFileType = sourcecode.c.objc; path = WHDBManager.m; sourceTree = "<group>"; };
		507174BD21ECD724005810B4 /* WHObject.h */ = {isa = PBXFileReference; fileEncoding = 4; lastKnownFileType = sourcecode.c.h; path = WHObject.h; sourceTree = "<group>"; };
		507174BE21ECD724005810B4 /* WHQuery.h */ = {isa = PBXFileReference; fileEncoding = 4; lastKnownFileType = sourcecode.c.h; path = WHQuery.h; sourceTree = "<group>"; };
		507174BF21ECD724005810B4 /* WHObject.m */ = {isa = PBXFileReference; fileEncoding = 4; lastKnownFileType = sourcecode.c.objc; path = WHObject.m; sourceTree = "<group>"; };
		507174C021ECD724005810B4 /* WHDBManager.h */ = {isa = PBXFileReference; fileEncoding = 4; lastKnownFileType = sourcecode.c.h; path = WHDBManager.h; sourceTree = "<group>"; };
		CBDD79B7AD58AE98F14D54C8 /* libPods-WHDBDemo.a */ = {isa = PBXFileReference; explicitFileType = archive.ar; includeInIndex = 0; path = "libPods-WHDBDemo.a"; sourceTree = BUILT_PRODUCTS_DIR; };
		F5C13B332C9555B436348419 /* Pods-WHDBDemo.debug.xcconfig */ = {isa = PBXFileReference; includeInIndex = 1; lastKnownFileType = text.xcconfig; name = "Pods-WHDBDemo.debug.xcconfig"; path = "Pods/Target Support Files/Pods-WHDBDemo/Pods-WHDBDemo.debug.xcconfig"; sourceTree = "<group>"; };
/* End PBXFileReference section */

/* Begin PBXFrameworksBuildPhase section */
		5071749221EC88F3005810B4 /* Frameworks */ = {
			isa = PBXFrameworksBuildPhase;
			buildActionMask = 2147483647;
			files = (
				DC64456A4DD20CF6950223D1 /* libPods-WHDBDemo.a in Frameworks */,
			);
			runOnlyForDeploymentPostprocessing = 0;
		};
/* End PBXFrameworksBuildPhase section */

/* Begin PBXGroup section */
		47408399059096BA75EA8833 /* Pods */ = {
			isa = PBXGroup;
			children = (
				F5C13B332C9555B436348419 /* Pods-WHDBDemo.debug.xcconfig */,
				21F74106E7EA7B20CC050044 /* Pods-WHDBDemo.release.xcconfig */,
			);
			name = Pods;
			sourceTree = "<group>";
		};
		4A238608317D6958E277F15A /* Frameworks */ = {
			isa = PBXGroup;
			children = (
				CBDD79B7AD58AE98F14D54C8 /* libPods-WHDBDemo.a */,
			);
			name = Frameworks;
			sourceTree = "<group>";
		};
		5071748C21EC88F3005810B4 = {
			isa = PBXGroup;
			children = (
				5071749721EC88F3005810B4 /* WHDBDemo */,
				5071749621EC88F3005810B4 /* Products */,
				47408399059096BA75EA8833 /* Pods */,
				4A238608317D6958E277F15A /* Frameworks */,
			);
			sourceTree = "<group>";
		};
		5071749621EC88F3005810B4 /* Products */ = {
			isa = PBXGroup;
			children = (
				5071749521EC88F3005810B4 /* WHDBDemo.app */,
			);
			name = Products;
			sourceTree = "<group>";
		};
		5071749721EC88F3005810B4 /* WHDBDemo */ = {
			isa = PBXGroup;
			children = (
				507174B921ECD724005810B4 /* WHDB */,
				5071749821EC88F3005810B4 /* AppDelegate.h */,
				5071749921EC88F3005810B4 /* AppDelegate.m */,
				5071749B21EC88F3005810B4 /* ViewController.h */,
				5071749C21EC88F3005810B4 /* ViewController.m */,
				5071749E21EC88F3005810B4 /* Main.storyboard */,
				507174A121EC88F3005810B4 /* Assets.xcassets */,
				507174A321EC88F3005810B4 /* LaunchScreen.storyboard */,
				507174A621EC88F3005810B4 /* Info.plist */,
				507174A721EC88F3005810B4 /* main.m */,
			);
			path = WHDBDemo;
			sourceTree = "<group>";
		};
		507174B921ECD724005810B4 /* WHDB */ = {
			isa = PBXGroup;
			children = (
				507174BA21ECD724005810B4 /* WHDB.h */,
				507174BD21ECD724005810B4 /* WHObject.h */,
				507174BF21ECD724005810B4 /* WHObject.m */,
				507174BE21ECD724005810B4 /* WHQuery.h */,
				507174BB21ECD724005810B4 /* WHQuery.m */,
				507174C021ECD724005810B4 /* WHDBManager.h */,
				507174BC21ECD724005810B4 /* WHDBManager.m */,
			);
			name = WHDB;
			path = ../../WHDB;
			sourceTree = "<group>";
		};
/* End PBXGroup section */

/* Begin PBXNativeTarget section */
		5071749421EC88F3005810B4 /* WHDBDemo */ = {
			isa = PBXNativeTarget;
			buildConfigurationList = 507174AB21EC88F3005810B4 /* Build configuration list for PBXNativeTarget "WHDBDemo" */;
			buildPhases = (
				26AEB4C9AB2D03450DA7A940 /* [CP] Check Pods Manifest.lock */,
				5071749121EC88F3005810B4 /* Sources */,
				5071749221EC88F3005810B4 /* Frameworks */,
				5071749321EC88F3005810B4 /* Resources */,
			);
			buildRules = (
			);
			dependencies = (
			);
			name = WHDBDemo;
			productName = WHDBDemo;
			productReference = 5071749521EC88F3005810B4 /* WHDBDemo.app */;
			productType = "com.apple.product-type.application";
		};
/* End PBXNativeTarget section */

/* Begin PBXProject section */
		5071748D21EC88F3005810B4 /* Project object */ = {
			isa = PBXProject;
			attributes = {
				LastUpgradeCheck = 0920;
				ORGANIZATIONNAME = lwhldy;
				TargetAttributes = {
					5071749421EC88F3005810B4 = {
						CreatedOnToolsVersion = 9.2;
						ProvisioningStyle = Automatic;
					};
				};
			};
			buildConfigurationList = 5071749021EC88F3005810B4 /* Build configuration list for PBXProject "WHDBDemo" */;
			compatibilityVersion = "Xcode 8.0";
			developmentRegion = en;
			hasScannedForEncodings = 0;
			knownRegions = (
				en,
				Base,
			);
			mainGroup = 5071748C21EC88F3005810B4;
			productRefGroup = 5071749621EC88F3005810B4 /* Products */;
			projectDirPath = "";
			projectRoot = "";
			targets = (
				5071749421EC88F3005810B4 /* WHDBDemo */,
			);
		};
/* End PBXProject section */

/* Begin PBXResourcesBuildPhase section */
		5071749321EC88F3005810B4 /* Resources */ = {
			isa = PBXResourcesBuildPhase;
			buildActionMask = 2147483647;
			files = (
				507174A521EC88F3005810B4 /* LaunchScreen.storyboard in Resources */,
				507174A221EC88F3005810B4 /* Assets.xcassets in Resources */,
				507174A021EC88F3005810B4 /* Main.storyboard in Resources */,
			);
			runOnlyForDeploymentPostprocessing = 0;
		};
/* End PBXResourcesBuildPhase section */

/* Begin PBXShellScriptBuildPhase section */
		26AEB4C9AB2D03450DA7A940 /* [CP] Check Pods Manifest.lock */ = {
			isa = PBXShellScriptBuildPhase;
			buildActionMask = 2147483647;
			files = (
			);
			inputPaths = (
				"${PODS_PODFILE_DIR_PATH}/Podfile.lock",
				"${PODS_ROOT}/Manifest.lock",
			);
			name = "[CP] Check Pods Manifest.lock";
			outputPaths = (
				"$(DERIVED_FILE_DIR)/Pods-WHDBDemo-checkManifestLockResult.txt",
			);
			runOnlyForDeploymentPostprocessing = 0;
			shellPath = /bin/sh;
			shellScript = "diff \"${PODS_PODFILE_DIR_PATH}/Podfile.lock\" \"${PODS_ROOT}/Manifest.lock\" > /dev/null\nif [ $? != 0 ] ; then\n    # print error to STDERR\n    echo \"error: The sandbox is not in sync with the Podfile.lock. Run 'pod install' or update your CocoaPods installation.\" >&2\n    exit 1\nfi\n# This output is used by Xcode 'outputs' to avoid re-running this script phase.\necho \"SUCCESS\" > \"${SCRIPT_OUTPUT_FILE_0}\"\n";
			showEnvVarsInLog = 0;
		};
/* End PBXShellScriptBuildPhase section */

/* Begin PBXSourcesBuildPhase section */
		5071749121EC88F3005810B4 /* Sources */ = {
			isa = PBXSourcesBuildPhase;
			buildActionMask = 2147483647;
			files = (
				5071749D21EC88F3005810B4 /* ViewController.m in Sources */,
				507174C321ECD724005810B4 /* WHObject.m in Sources */,
				507174C221ECD724005810B4 /* WHDBManager.m in Sources */,
				507174C121ECD724005810B4 /* WHQuery.m in Sources */,
				507174A821EC88F3005810B4 /* main.m in Sources */,
				5071749A21EC88F3005810B4 /* AppDelegate.m in Sources */,
			);
			runOnlyForDeploymentPostprocessing = 0;
		};
/* End PBXSourcesBuildPhase section */

/* Begin PBXVariantGroup section */
		5071749E21EC88F3005810B4 /* Main.storyboard */ = {
			isa = PBXVariantGroup;
			children = (
				5071749F21EC88F3005810B4 /* Base */,
			);
			name = Main.storyboard;
			sourceTree = "<group>";
		};
		507174A321EC88F3005810B4 /* LaunchScreen.storyboard */ = {
			isa = PBXVariantGroup;
			children = (
				507174A421EC88F3005810B4 /* Base */,
			);
			name = LaunchScreen.storyboard;
			sourceTree = "<group>";
		};
/* End PBXVariantGroup section */

/* Begin XCBuildConfiguration section */
		507174A921EC88F3005810B4 /* Debug */ = {
			isa = XCBuildConfiguration;
			buildSettings = {
				ALWAYS_SEARCH_USER_PATHS = NO;
				CLANG_ANALYZER_NONNULL = YES;
				CLANG_ANALYZER_NUMBER_OBJECT_CONVERSION = YES_AGGRESSIVE;
				CLANG_CXX_LANGUAGE_STANDARD = "gnu++14";
				CLANG_CXX_LIBRARY = "libc++";
				CLANG_ENABLE_MODULES = YES;
				CLANG_ENABLE_OBJC_ARC = YES;
				CLANG_WARN_BLOCK_CAPTURE_AUTORELEASING = YES;
				CLANG_WARN_BOOL_CONVERSION = YES;
				CLANG_WARN_COMMA = YES;
				CLANG_WARN_CONSTANT_CONVERSION = YES;
				CLANG_WARN_DIRECT_OBJC_ISA_USAGE = YES_ERROR;
				CLANG_WARN_DOCUMENTATION_COMMENTS = YES;
				CLANG_WARN_EMPTY_BODY = YES;
				CLANG_WARN_ENUM_CONVERSION = YES;
				CLANG_WARN_INFINITE_RECURSION = YES;
				CLANG_WARN_INT_CONVERSION = YES;
				CLANG_WARN_NON_LITERAL_NULL_CONVERSION = YES;
				CLANG_WARN_OBJC_LITERAL_CONVERSION = YES;
				CLANG_WARN_OBJC_ROOT_CLASS = YES_ERROR;
				CLANG_WARN_RANGE_LOOP_ANALYSIS = YES;
				CLANG_WARN_STRICT_PROTOTYPES = YES;
				CLANG_WARN_SUSPICIOUS_MOVE = YES;
				CLANG_WARN_UNGUARDED_AVAILABILITY = YES_AGGRESSIVE;
				CLANG_WARN_UNREACHABLE_CODE = YES;
				CLANG_WARN__DUPLICATE_METHOD_MATCH = YES;
				CODE_SIGN_IDENTITY = "iPhone Developer";
				COPY_PHASE_STRIP = NO;
				DEBUG_INFORMATION_FORMAT = dwarf;
				ENABLE_STRICT_OBJC_MSGSEND = YES;
				ENABLE_TESTABILITY = YES;
				GCC_C_LANGUAGE_STANDARD = gnu11;
				GCC_DYNAMIC_NO_PIC = NO;
				GCC_NO_COMMON_BLOCKS = YES;
				GCC_OPTIMIZATION_LEVEL = 0;
				GCC_PREPROCESSOR_DEFINITIONS = (
					"DEBUG=1",
					"$(inherited)",
				);
				GCC_WARN_64_TO_32_BIT_CONVERSION = YES;
				GCC_WARN_ABOUT_RETURN_TYPE = YES_ERROR;
				GCC_WARN_UNDECLARED_SELECTOR = YES;
				GCC_WARN_UNINITIALIZED_AUTOS = YES_AGGRESSIVE;
				GCC_WARN_UNUSED_FUNCTION = YES;
				GCC_WARN_UNUSED_VARIABLE = YES;
				IPHONEOS_DEPLOYMENT_TARGET = 11.2;
				MTL_ENABLE_DEBUG_INFO = YES;
				ONLY_ACTIVE_ARCH = YES;
				SDKROOT = iphoneos;
			};
			name = Debug;
		};
		507174AA21EC88F3005810B4 /* Release */ = {
			isa = XCBuildConfiguration;
			buildSettings = {
				ALWAYS_SEARCH_USER_PATHS = NO;
				CLANG_ANALYZER_NONNULL = YES;
				CLANG_ANALYZER_NUMBER_OBJECT_CONVERSION = YES_AGGRESSIVE;
				CLANG_CXX_LANGUAGE_STANDARD = "gnu++14";
				CLANG_CXX_LIBRARY = "libc++";
				CLANG_ENABLE_MODULES = YES;
				CLANG_ENABLE_OBJC_ARC = YES;
				CLANG_WARN_BLOCK_CAPTURE_AUTORELEASING = YES;
				CLANG_WARN_BOOL_CONVERSION = YES;
				CLANG_WARN_COMMA = YES;
				CLANG_WARN_CONSTANT_CONVERSION = YES;
				CLANG_WARN_DIRECT_OBJC_ISA_USAGE = YES_ERROR;
				CLANG_WARN_DOCUMENTATION_COMMENTS = YES;
				CLANG_WARN_EMPTY_BODY = YES;
				CLANG_WARN_ENUM_CONVERSION = YES;
				CLANG_WARN_INFINITE_RECURSION = YES;
				CLANG_WARN_INT_CONVERSION = YES;
				CLANG_WARN_NON_LITERAL_NULL_CONVERSION = YES;
				CLANG_WARN_OBJC_LITERAL_CONVERSION = YES;
				CLANG_WARN_OBJC_ROOT_CLASS = YES_ERROR;
				CLANG_WARN_RANGE_LOOP_ANALYSIS = YES;
				CLANG_WARN_STRICT_PROTOTYPES = YES;
				CLANG_WARN_SUSPICIOUS_MOVE = YES;
				CLANG_WARN_UNGUARDED_AVAILABILITY = YES_AGGRESSIVE;
				CLANG_WARN_UNREACHABLE_CODE = YES;
				CLANG_WARN__DUPLICATE_METHOD_MATCH = YES;
				CODE_SIGN_IDENTITY = "iPhone Developer";
				COPY_PHASE_STRIP = NO;
				DEBUG_INFORMATION_FORMAT = "dwarf-with-dsym";
				ENABLE_NS_ASSERTIONS = NO;
				ENABLE_STRICT_OBJC_MSGSEND = YES;
				GCC_C_LANGUAGE_STANDARD = gnu11;
				GCC_NO_COMMON_BLOCKS = YES;
				GCC_WARN_64_TO_32_BIT_CONVERSION = YES;
				GCC_WARN_ABOUT_RETURN_TYPE = YES_ERROR;
				GCC_WARN_UNDECLARED_SELECTOR = YES;
				GCC_WARN_UNINITIALIZED_AUTOS = YES_AGGRESSIVE;
				GCC_WARN_UNUSED_FUNCTION = YES;
				GCC_WARN_UNUSED_VARIABLE = YES;
				IPHONEOS_DEPLOYMENT_TARGET = 11.2;
				MTL_ENABLE_DEBUG_INFO = NO;
				SDKROOT = iphoneos;
				VALIDATE_PRODUCT = YES;
			};
			name = Release;
		};
		507174AC21EC88F3005810B4 /* Debug */ = {
			isa = XCBuildConfiguration;
			baseConfigurationReference = F5C13B332C9555B436348419 /* Pods-WHDBDemo.debug.xcconfig */;
			buildSettings = {
				ASSETCATALOG_COMPILER_APPICON_NAME = AppIcon;
				CODE_SIGN_STYLE = Automatic;
				DEVELOPMENT_TEAM = 7A4T6Q8359;
				INFOPLIST_FILE = WHDBDemo/Info.plist;
				LD_RUNPATH_SEARCH_PATHS = "$(inherited) @executable_path/Frameworks";
				PRODUCT_BUNDLE_IDENTIFIER = lwhldy.WHDBDemo;
				PRODUCT_NAME = "$(TARGET_NAME)";
				TARGETED_DEVICE_FAMILY = "1,2";
			};
			name = Debug;
		};
		507174AD21EC88F3005810B4 /* Release */ = {
			isa = XCBuildConfiguration;
			baseConfigurationReference = 21F74106E7EA7B20CC050044 /* Pods-WHDBDemo.release.xcconfig */;
			buildSettings = {
				ASSETCATALOG_COMPILER_APPICON_NAME = AppIcon;
				CODE_SIGN_STYLE = Automatic;
				DEVELOPMENT_TEAM = 7A4T6Q8359;
				INFOPLIST_FILE = WHDBDemo/Info.plist;
				LD_RUNPATH_SEARCH_PATHS = "$(inherited) @executable_path/Frameworks";
				PRODUCT_BUNDLE_IDENTIFIER = lwhldy.WHDBDemo;
				PRODUCT_NAME = "$(TARGET_NAME)";
				TARGETED_DEVICE_FAMILY = "1,2";
			};
			name = Release;
		};
/* End XCBuildConfiguration section */

/* Begin XCConfigurationList section */
		5071749021EC88F3005810B4 /* Build configuration list for PBXProject "WHDBDemo" */ = {
			isa = XCConfigurationList;
			buildConfigurations = (
				507174A921EC88F3005810B4 /* Debug */,
				507174AA21EC88F3005810B4 /* Release */,
			);
			defaultConfigurationIsVisible = 0;
			defaultConfigurationName = Release;
		};
		507174AB21EC88F3005810B4 /* Build configuration list for PBXNativeTarget "WHDBDemo" */ = {
			isa = XCConfigurationList;
			buildConfigurations = (
				507174AC21EC88F3005810B4 /* Debug */,
				507174AD21EC88F3005810B4 /* Release */,
			);
			defaultConfigurationIsVisible = 0;
			defaultConfigurationName = Release;
		};
/* End XCConfigurationList section */
	};
	rootObject = 5071748D21EC88F3005810B4 /* Project object */;
}
